
Microsoft Visual Studio Solution File, Format Version 12.00
# Visual Studio Version 17
VisualStudioVersion = 17.5.002.0
MinimumVisualStudioVersion = 10.0.40219.1
Project("{9A19103F-16F7-4668-BE54-9A1E7A4F7556}") = "mywebapp", "mywebapp.csproj", "{7CB3E5FE-6776-49E4-9950-870F49DDD572}"
EndProject
Global
	GlobalSection(SolutionConfigurationPlatforms) = preSolution
		Debug|Any CPU = Debug|Any CPU
		Release|Any CPU = Release|Any CPU
	EndGlobalSection
	GlobalSection(ProjectConfigurationPlatforms) = postSolution
		{7CB3E5FE-6776-49E4-9950-870F49DDD572}.Debug|Any CPU.ActiveCfg = Debug|Any CPU
		{7CB3E5FE-6776-49E4-9950-870F49DDD572}.Debug|Any CPU.Build.0 = Debug|Any CPU
		{7CB3E5FE-6776-49E4-9950-870F49DDD572}.Release|Any CPU.ActiveCfg = Release|Any CPU
		{7CB3E5FE-6776-49E4-9950-870F49DDD572}.Release|Any CPU.Build.0 = Release|Any CPU
	EndGlobalSection
	GlobalSection(SolutionProperties) = preSolution
		HideSolutionNode = FALSE
	EndGlobalSection
	GlobalSection(ExtensibilityGlobals) = postSolution
		SolutionGuid = {83CEAABA-AF94-4E9A-94C9-4FA25001CDC9}
	EndGlobalSection
EndGlobal
